// !$*UTF8*$!
{
	archiveVersion = 1;
	classes = {
	};
	objectVersion = 56;
	objects = {

/* Begin PBXBuildFile section */
		A10000000000000000000001 /* ZohorApp.swift in Sources */ = {isa = PBXBuildFile; fileRef = A20000000000000000000001 /* ZohorApp.swift */; };
		A10000000000000000000002 /* AppState.swift in Sources */ = {isa = PBXBuildFile; fileRef = A20000000000000000000002 /* AppState.swift */; };
		A10000000000000000000003 /* Models.swift in Sources */ = {isa = PBXBuildFile; fileRef = A20000000000000000000003 /* Models.swift */; };
		A10000000000000000000004 /* ZohorAPIClient.swift in Sources */ = {isa = PBXBuildFile; fileRef = A20000000000000000000004 /* ZohorAPIClient.swift */; };
		A10000000000000000000005 /* RootView.swift in Sources */ = {isa = PBXBuildFile; fileRef = A20000000000000000000005 /* RootView.swift */; };
		A10000000000000000000006 /* ZohorConfig.swift in Sources */ = {isa = PBXBuildFile; fileRef = A20000000000000000000007 /* ZohorConfig.swift */; };
		A10000000000000000000007 /* SupabaseAuthClient.swift in Sources */ = {isa = PBXBuildFile; fileRef = A20000000000000000000008 /* SupabaseAuthClient.swift */; };
		A10000000000000000000008 /* SessionStore.swift in Sources */ = {isa = PBXBuildFile; fileRef = A20000000000000000000009 /* SessionStore.swift */; };
		A10000000000000000000009 /* JSONCoding.swift in Sources */ = {isa = PBXBuildFile; fileRef = A20000000000000000000010 /* JSONCoding.swift */; };
		A10000000000000000000010 /* ZohorTheme.swift in Sources */ = {isa = PBXBuildFile; fileRef = A20000000000000000000011 /* ZohorTheme.swift */; };
		A10000000000000000000011 /* AuthField.swift in Sources */ = {isa = PBXBuildFile; fileRef = A20000000000000000000012 /* AuthField.swift */; };
		A10000000000000000000012 /* AuthView.swift in Sources */ = {isa = PBXBuildFile; fileRef = A20000000000000000000013 /* AuthView.swift */; };
		A10000000000000000000013 /* ScreenPhase.swift in Sources */ = {isa = PBXBuildFile; fileRef = A20000000000000000000015 /* ScreenPhase.swift */; };
		A10000000000000000000014 /* ZohorChrome.swift in Sources */ = {isa = PBXBuildFile; fileRef = A20000000000000000000016 /* ZohorChrome.swift */; };
		A10000000000000000000015 /* MainTabBar.swift in Sources */ = {isa = PBXBuildFile; fileRef = A20000000000000000000017 /* MainTabBar.swift */; };
		A10000000000000000000016 /* MainShellView.swift in Sources */ = {isa = PBXBuildFile; fileRef = A20000000000000000000018 /* MainShellView.swift */; };
		A10000000000000000000017 /* MomentsScreen.swift in Sources */ = {isa = PBXBuildFile; fileRef = A20000000000000000000019 /* MomentsScreen.swift */; };
		A10000000000000000000018 /* MapScreen.swift in Sources */ = {isa = PBXBuildFile; fileRef = A20000000000000000000020 /* MapScreen.swift */; };
		A10000000000000000000019 /* ChatScreen.swift in Sources */ = {isa = PBXBuildFile; fileRef = A20000000000000000000021 /* ChatScreen.swift */; };
		A10000000000000000000020 /* LiveScreen.swift in Sources */ = {isa = PBXBuildFile; fileRef = A20000000000000000000022 /* LiveScreen.swift */; };
		A10000000000000000000021 /* ProfileScreen.swift in Sources */ = {isa = PBXBuildFile; fileRef = A20000000000000000000023 /* ProfileScreen.swift */; };
		A10000000000000000000022 /* LiveAgoraCanvas.swift in Sources */ = {isa = PBXBuildFile; fileRef = A20000000000000000000024 /* LiveAgoraCanvas.swift */; };
		A10000000000000000000023 /* RtcBasic in Frameworks */ = {isa = PBXBuildFile; productRef = A11000000000000000000002 /* RtcBasic */; };
		A10000000000000000000024 /* Assets.xcassets in Resources */ = {isa = PBXBuildFile; fileRef = A20000000000000000000025 /* Assets.xcassets */; };
		A10000000000000000000025 /* LiveGiftShow.swift in Sources */ = {isa = PBXBuildFile; fileRef = A20000000000000000000026 /* LiveGiftShow.swift */; };
		A10000000000000000000026 /* Sounds in Resources */ = {isa = PBXBuildFile; fileRef = A20000000000000000000027 /* Sounds */; };
/* End PBXBuildFile section */

/* Begin PBXFileReference section */
		A20000000000000000000001 /* ZohorApp.swift */ = {isa = PBXFileReference; lastKnownFileType = sourcecode.swift; path = ZohorApp.swift; sourceTree = "<group>"; };
		A20000000000000000000002 /* AppState.swift */ = {isa = PBXFileReference; lastKnownFileType = sourcecode.swift; path = AppState.swift; sourceTree = "<group>"; };
		A20000000000000000000003 /* Models.swift */ = {isa = PBXFileReference; lastKnownFileType = sourcecode.swift; path = Models.swift; sourceTree = "<group>"; };
		A20000000000000000000004 /* ZohorAPIClient.swift */ = {isa = PBXFileReference; lastKnownFileType = sourcecode.swift; path = ZohorAPIClient.swift; sourceTree = "<group>"; };
		A20000000000000000000005 /* RootView.swift */ = {isa = PBXFileReference; lastKnownFileType = sourcecode.swift; path = RootView.swift; sourceTree = "<group>"; };
		A20000000000000000000006 /* Zohor.app */ = {isa = PBXFileReference; explicitFileType = wrapper.application; includeInIndex = 0; path = Zohor.app; sourceTree = BUILT_PRODUCTS_DIR; };
		A20000000000000000000007 /* ZohorConfig.swift */ = {isa = PBXFileReference; lastKnownFileType = sourcecode.swift; path = ZohorConfig.swift; sourceTree = "<group>"; };
		A20000000000000000000008 /* SupabaseAuthClient.swift */ = {isa = PBXFileReference; lastKnownFileType = sourcecode.swift; path = SupabaseAuthClient.swift; sourceTree = "<group>"; };
		A20000000000000000000009 /* SessionStore.swift */ = {isa = PBXFileReference; lastKnownFileType = sourcecode.swift; path = SessionStore.swift; sourceTree = "<group>"; };
		A20000000000000000000010 /* JSONCoding.swift */ = {isa = PBXFileReference; lastKnownFileType = sourcecode.swift; path = JSONCoding.swift; sourceTree = "<group>"; };
		A20000000000000000000011 /* ZohorTheme.swift */ = {isa = PBXFileReference; lastKnownFileType = sourcecode.swift; path = ZohorTheme.swift; sourceTree = "<group>"; };
		A20000000000000000000012 /* AuthField.swift */ = {isa = PBXFileReference; lastKnownFileType = sourcecode.swift; path = AuthField.swift; sourceTree = "<group>"; };
		A20000000000000000000013 /* AuthView.swift */ = {isa = PBXFileReference; lastKnownFileType = sourcecode.swift; path = AuthView.swift; sourceTree = "<group>"; };
		A20000000000000000000014 /* Debug.xcconfig */ = {isa = PBXFileReference; lastKnownFileType = text.xcconfig; name = Debug.xcconfig; path = Config/Debug.xcconfig; sourceTree = "<group>"; };
		A20000000000000000000028 /* Release.xcconfig */ = {isa = PBXFileReference; lastKnownFileType = text.xcconfig; name = Release.xcconfig; path = Config/Release.xcconfig; sourceTree = "<group>"; };
		A20000000000000000000015 /* ScreenPhase.swift */ = {isa = PBXFileReference; lastKnownFileType = sourcecode.swift; path = ScreenPhase.swift; sourceTree = "<group>"; };
		A20000000000000000000016 /* ZohorChrome.swift */ = {isa = PBXFileReference; lastKnownFileType = sourcecode.swift; path = ZohorChrome.swift; sourceTree = "<group>"; };
		A20000000000000000000017 /* MainTabBar.swift */ = {isa = PBXFileReference; lastKnownFileType = sourcecode.swift; path = MainTabBar.swift; sourceTree = "<group>"; };
		A20000000000000000000018 /* MainShellView.swift */ = {isa = PBXFileReference; lastKnownFileType = sourcecode.swift; path = MainShellView.swift; sourceTree = "<group>"; };
		A20000000000000000000019 /* MomentsScreen.swift */ = {isa = PBXFileReference; lastKnownFileType = sourcecode.swift; path = MomentsScreen.swift; sourceTree = "<group>"; };
		A20000000000000000000020 /* MapScreen.swift */ = {isa = PBXFileReference; lastKnownFileType = sourcecode.swift; path = MapScreen.swift; sourceTree = "<group>"; };
		A20000000000000000000021 /* ChatScreen.swift */ = {isa = PBXFileReference; lastKnownFileType = sourcecode.swift; path = ChatScreen.swift; sourceTree = "<group>"; };
		A20000000000000000000022 /* LiveScreen.swift */ = {isa = PBXFileReference; lastKnownFileType = sourcecode.swift; path = LiveScreen.swift; sourceTree = "<group>"; };
		A20000000000000000000023 /* ProfileScreen.swift */ = {isa = PBXFileReference; lastKnownFileType = sourcecode.swift; path = ProfileScreen.swift; sourceTree = "<group>"; };
		A20000000000000000000024 /* LiveAgoraCanvas.swift */ = {isa = PBXFileReference; lastKnownFileType = sourcecode.swift; path = LiveAgoraCanvas.swift; sourceTree = "<group>"; };
		A20000000000000000000025 /* Assets.xcassets */ = {isa = PBXFileReference; lastKnownFileType = folder.assetcatalog; path = Assets.xcassets; sourceTree = "<group>"; };
		A20000000000000000000026 /* LiveGiftShow.swift */ = {isa = PBXFileReference; lastKnownFileType = sourcecode.swift; path = LiveGiftShow.swift; sourceTree = "<group>"; };
		A20000000000000000000027 /* Sounds */ = {isa = PBXFileReference; lastKnownFileType = folder; path = Sounds; sourceTree = "<group>"; };
/* End PBXFileReference section */

/* Begin PBXFrameworksBuildPhase section */
		A30000000000000000000001 /* Frameworks */ = {
			isa = PBXFrameworksBuildPhase;
			buildActionMask = 2147483647;
			files = (
				A10000000000000000000023 /* RtcBasic in Frameworks */,
			);
			runOnlyForDeploymentPostprocessing = 0;
		};
/* End PBXFrameworksBuildPhase section */

/* Begin PBXGroup section */
		A40000000000000000000001 = {
			isa = PBXGroup;
			children = (
				A40000000000000000000002 /* Zohor */,
				A20000000000000000000014 /* Debug.xcconfig */,
				A20000000000000000000028 /* Release.xcconfig */,
				A40000000000000000000003 /* Products */,
			);
			sourceTree = "<group>";
		};
		A40000000000000000000002 /* Zohor */ = {
			isa = PBXGroup;
			children = (
				A20000000000000000000001 /* ZohorApp.swift */,
				A20000000000000000000002 /* AppState.swift */,
				A20000000000000000000003 /* Models.swift */,
				A20000000000000000000004 /* ZohorAPIClient.swift */,
				A20000000000000000000007 /* ZohorConfig.swift */,
				A20000000000000000000008 /* SupabaseAuthClient.swift */,
				A20000000000000000000009 /* SessionStore.swift */,
				A20000000000000000000010 /* JSONCoding.swift */,
				A20000000000000000000011 /* ZohorTheme.swift */,
				A20000000000000000000012 /* AuthField.swift */,
				A20000000000000000000013 /* AuthView.swift */,
				A20000000000000000000015 /* ScreenPhase.swift */,
				A20000000000000000000016 /* ZohorChrome.swift */,
				A20000000000000000000017 /* MainTabBar.swift */,
				A20000000000000000000018 /* MainShellView.swift */,
				A20000000000000000000019 /* MomentsScreen.swift */,
				A20000000000000000000020 /* MapScreen.swift */,
				A20000000000000000000021 /* ChatScreen.swift */,
				A20000000000000000000022 /* LiveScreen.swift */,
				A20000000000000000000024 /* LiveAgoraCanvas.swift */,
				A20000000000000000000026 /* LiveGiftShow.swift */,
				A20000000000000000000027 /* Sounds */,
				A20000000000000000000023 /* ProfileScreen.swift */,
				A20000000000000000000005 /* RootView.swift */,
				A20000000000000000000025 /* Assets.xcassets */,
			);
			path = Zohor;
			sourceTree = "<group>";
		};
		A40000000000000000000003 /* Products */ = {
			isa = PBXGroup;
			children = (
				A20000000000000000000006 /* Zohor.app */,
			);
			name = Products;
			sourceTree = "<group>";
		};
/* End PBXGroup section */

/* Begin PBXNativeTarget section */
		A50000000000000000000001 /* Zohor */ = {
			isa = PBXNativeTarget;
			buildConfigurationList = A80000000000000000000002 /* Build configuration list for PBXNativeTarget "Zohor" */;
			buildPhases = (
				A60000000000000000000003 /* Sync Local Config */,
				A60000000000000000000001 /* Sources */,
				A30000000000000000000001 /* Frameworks */,
				A60000000000000000000002 /* Resources */,
				A60000000000000000000004 /* Inject Runtime Config */,
			);
			buildRules = (
			);
			dependencies = (
			);
			name = Zohor;
			packageProductDependencies = (
				A11000000000000000000002 /* RtcBasic */,
			);
			productName = Zohor;
			productReference = A20000000000000000000006 /* Zohor.app */;
			productType = "com.apple.product-type.application";
		};
/* End PBXNativeTarget section */

/* Begin PBXProject section */
		A70000000000000000000001 /* Project object */ = {
			isa = PBXProject;
			attributes = {
				BuildIndependentTargetsInParallel = 1;
				LastSwiftUpdateCheck = 1600;
				LastUpgradeCheck = 1600;
				TargetAttributes = {
					A50000000000000000000001 = {
						CreatedOnToolsVersion = 16.0;
					};
				};
			};
			buildConfigurationList = A80000000000000000000001 /* Build configuration list for PBXProject "Zohor" */;
			compatibilityVersion = "Xcode 14.0";
			developmentRegion = ar;
			hasScannedForEncodings = 0;
			knownRegions = (
				ar,
				en,
				Base,
			);
			mainGroup = A40000000000000000000001;
			packageReferences = (
				A11000000000000000000001 /* XCRemoteSwiftPackageReference "AgoraRtcEngine_iOS" */,
			);
			productRefGroup = A40000000000000000000003 /* Products */;
			projectDirPath = "";
			projectRoot = "";
			targets = (
				A50000000000000000000001 /* Zohor */,
			);
		};
/* End PBXProject section */

/* Begin PBXShellScriptBuildPhase section */
		A60000000000000000000003 /* Sync Local Config */ = {
			isa = PBXShellScriptBuildPhase;
			alwaysOutOfDate = 1;
			buildActionMask = 2147483647;
			files = (
			);
			inputFileListPaths = (
			);
			inputPaths = (
			);
			name = "Sync Local Config";
			outputFileListPaths = (
			);
			outputPaths = (
			);
			runOnlyForDeploymentPostprocessing = 0;
			shellPath = /bin/sh;
			shellScript = "python3 \"${SRCROOT}/scripts/sync-local-config.py\"\n";
		};
		A60000000000000000000004 /* Inject Runtime Config */ = {
			isa = PBXShellScriptBuildPhase;
			alwaysOutOfDate = 1;
			buildActionMask = 2147483647;
			files = (
			);
			inputFileListPaths = (
			);
			inputPaths = (
			);
			name = "Inject Runtime Config";
			outputFileListPaths = (
			);
			outputPaths = (
			);
			runOnlyForDeploymentPostprocessing = 0;
			shellPath = /bin/sh;
			shellScript = "python3 \"${SRCROOT}/scripts/sync-local-config.py\"\n";
		};
/* End PBXShellScriptBuildPhase section */

/* Begin PBXResourcesBuildPhase section */
		A60000000000000000000002 /* Resources */ = {
			isa = PBXResourcesBuildPhase;
			buildActionMask = 2147483647;
			files = (
				A10000000000000000000024 /* Assets.xcassets in Resources */,
				A10000000000000000000026 /* Sounds in Resources */,
			);
			runOnlyForDeploymentPostprocessing = 0;
		};
/* End PBXResourcesBuildPhase section */

/* Begin PBXSourcesBuildPhase section */
		A60000000000000000000001 /* Sources */ = {
			isa = PBXSourcesBuildPhase;
			buildActionMask = 2147483647;
			files = (
				A10000000000000000000001 /* ZohorApp.swift in Sources */,
				A10000000000000000000002 /* AppState.swift in Sources */,
				A10000000000000000000003 /* Models.swift in Sources */,
				A10000000000000000000004 /* ZohorAPIClient.swift in Sources */,
				A10000000000000000000006 /* ZohorConfig.swift in Sources */,
				A10000000000000000000007 /* SupabaseAuthClient.swift in Sources */,
				A10000000000000000000008 /* SessionStore.swift in Sources */,
				A10000000000000000000009 /* JSONCoding.swift in Sources */,
				A10000000000000000000010 /* ZohorTheme.swift in Sources */,
				A10000000000000000000011 /* AuthField.swift in Sources */,
				A10000000000000000000012 /* AuthView.swift in Sources */,
				A10000000000000000000013 /* ScreenPhase.swift in Sources */,
				A10000000000000000000014 /* ZohorChrome.swift in Sources */,
				A10000000000000000000015 /* MainTabBar.swift in Sources */,
				A10000000000000000000016 /* MainShellView.swift in Sources */,
				A10000000000000000000017 /* MomentsScreen.swift in Sources */,
				A10000000000000000000018 /* MapScreen.swift in Sources */,
				A10000000000000000000019 /* ChatScreen.swift in Sources */,
				A10000000000000000000020 /* LiveScreen.swift in Sources */,
				A10000000000000000000022 /* LiveAgoraCanvas.swift in Sources */,
				A10000000000000000000025 /* LiveGiftShow.swift in Sources */,
				A10000000000000000000021 /* ProfileScreen.swift in Sources */,
				A10000000000000000000005 /* RootView.swift in Sources */,
			);
			runOnlyForDeploymentPostprocessing = 0;
		};
/* End PBXSourcesBuildPhase section */

/* Begin XCBuildConfiguration section */
		A90000000000000000000001 /* Debug */ = {
			isa = XCBuildConfiguration;
			buildSettings = {
				ALWAYS_SEARCH_USER_PATHS = NO;
				CLANG_ANALYZER_NONNULL = YES;
				CLANG_ANALYZER_NUMBER_OBJECT_CONVERSION = YES_AGGRESSIVE;
				CLANG_CXX_LANGUAGE_STANDARD = "gnu++20";
				CLANG_ENABLE_MODULES = YES;
				CLANG_ENABLE_OBJC_ARC = YES;
				CLANG_ENABLE_OBJC_WEAK = YES;
				CLANG_WARN_BLOCK_CAPTURE_AUTORELEASING = YES;
				CLANG_WARN_BOOL_CONVERSION = YES;
				CLANG_WARN_COMMA = YES;
				CLANG_WARN_CONSTANT_CONVERSION = YES;
				CLANG_WARN_DEPRECATED_OBJC_IMPLEMENTATIONS = YES;
				CLANG_WARN_DIRECT_OBJC_ISA_USAGE = YES_ERROR;
				CLANG_WARN_DOCUMENTATION_COMMENTS = YES;
				CLANG_WARN_EMPTY_BODY = YES;
				CLANG_WARN_ENUM_CONVERSION = YES;
				CLANG_WARN_INFINITE_RECURSION = YES;
				CLANG_WARN_INT_CONVERSION = YES;
				CLANG_WARN_NON_LITERAL_NULL_CONVERSION = YES;
				CLANG_WARN_OBJC_IMPLICIT_RETAIN_SELF = YES;
				CLANG_WARN_OBJC_LITERAL_CONVERSION = YES;
				CLANG_WARN_OBJC_ROOT_CLASS = YES_ERROR;
				CLANG_WARN_QUOTED_INCLUDE_IN_FRAMEWORK_HEADER = YES;
				CLANG_WARN_RANGE_LOOP_ANALYSIS = YES;
				CLANG_WARN_STRICT_PROTOTYPES = YES;
				CLANG_WARN_SUSPICIOUS_MOVE = YES;
				CLANG_WARN_UNGUARDED_AVAILABILITY = YES_AGGRESSIVE;
				CLANG_WARN_UNREACHABLE_CODE = YES;
				COPY_PHASE_STRIP = NO;
				DEBUG_INFORMATION_FORMAT = dwarf;
				ENABLE_STRICT_OBJC_MSGSEND = YES;
				ENABLE_TESTABILITY = YES;
				GCC_C_LANGUAGE_STANDARD = gnu17;
				GCC_DYNAMIC_NO_PIC = NO;
				GCC_NO_COMMON_BLOCKS = YES;
				GCC_OPTIMIZATION_LEVEL = 0;
				GCC_PREPROCESSOR_DEFINITIONS = (
					"DEBUG=1",
					"$(inherited)",
				);
				GCC_WARN_64_TO_32_BIT_CONVERSION = YES;
				GCC_WARN_ABOUT_RETURN_TYPE = YES_ERROR;
				GCC_WARN_UNDECLARED_SELECTOR = YES;
				GCC_WARN_UNINITIALIZED_AUTOS = YES_AGGRESSIVE;
				GCC_WARN_UNUSED_FUNCTION = YES;
				GCC_WARN_UNUSED_VARIABLE = YES;
				IPHONEOS_DEPLOYMENT_TARGET = 17.0;
				MTL_ENABLE_DEBUG_INFO = INCLUDE_SOURCE;
				MTL_FAST_MATH = YES;
				ONLY_ACTIVE_ARCH = YES;
				SDKROOT = iphoneos;
				SWIFT_ACTIVE_COMPILATION_CONDITIONS = DEBUG;
				SWIFT_OPTIMIZATION_LEVEL = "-Onone";
			};
			name = Debug;
		};
		A90000000000000000000002 /* Release */ = {
			isa = XCBuildConfiguration;
			buildSettings = {
				ALWAYS_SEARCH_USER_PATHS = NO;
				CLANG_ANALYZER_NONNULL = YES;
				CLANG_ANALYZER_NUMBER_OBJECT_CONVERSION = YES_AGGRESSIVE;
				CLANG_CXX_LANGUAGE_STANDARD = "gnu++20";
				CLANG_ENABLE_MODULES = YES;
				CLANG_ENABLE_OBJC_ARC = YES;
				CLANG_ENABLE_OBJC_WEAK = YES;
				CLANG_WARN_BLOCK_CAPTURE_AUTORELEASING = YES;
				CLANG_WARN_BOOL_CONVERSION = YES;
				CLANG_WARN_COMMA = YES;
				CLANG_WARN_CONSTANT_CONVERSION = YES;
				CLANG_WARN_DEPRECATED_OBJC_IMPLEMENTATIONS = YES;
				CLANG_WARN_DIRECT_OBJC_ISA_USAGE = YES_ERROR;
				CLANG_WARN_DOCUMENTATION_COMMENTS = YES;
				CLANG_WARN_EMPTY_BODY = YES;
				CLANG_WARN_ENUM_CONVERSION = YES;
				CLANG_WARN_INFINITE_RECURSION = YES;
				CLANG_WARN_INT_CONVERSION = YES;
				CLANG_WARN_NON_LITERAL_NULL_CONVERSION = YES;
				CLANG_WARN_OBJC_IMPLICIT_RETAIN_SELF = YES;
				CLANG_WARN_OBJC_LITERAL_CONVERSION = YES;
				CLANG_WARN_OBJC_ROOT_CLASS = YES_ERROR;
				CLANG_WARN_QUOTED_INCLUDE_IN_FRAMEWORK_HEADER = YES;
				CLANG_WARN_RANGE_LOOP_ANALYSIS = YES;
				CLANG_WARN_STRICT_PROTOTYPES = YES;
				CLANG_WARN_SUSPICIOUS_MOVE = YES;
				CLANG_WARN_UNGUARDED_AVAILABILITY = YES_AGGRESSIVE;
				CLANG_WARN_UNREACHABLE_CODE = YES;
				COPY_PHASE_STRIP = NO;
				DEBUG_INFORMATION_FORMAT = "dwarf-with-dsym";
				ENABLE_NS_ASSERTIONS = NO;
				ENABLE_STRICT_OBJC_MSGSEND = YES;
				GCC_C_LANGUAGE_STANDARD = gnu17;
				GCC_NO_COMMON_BLOCKS = YES;
				GCC_WARN_64_TO_32_BIT_CONVERSION = YES;
				GCC_WARN_ABOUT_RETURN_TYPE = YES_ERROR;
				GCC_WARN_UNDECLARED_SELECTOR = YES;
				GCC_WARN_UNINITIALIZED_AUTOS = YES_AGGRESSIVE;
				GCC_WARN_UNUSED_FUNCTION = YES;
				GCC_WARN_UNUSED_VARIABLE = YES;
				IPHONEOS_DEPLOYMENT_TARGET = 17.0;
				MTL_ENABLE_DEBUG_INFO = NO;
				MTL_FAST_MATH = YES;
				SDKROOT = iphoneos;
				SWIFT_COMPILATION_MODE = wholemodule;
				SWIFT_OPTIMIZATION_LEVEL = "-O";
				VALIDATE_PRODUCT = YES;
			};
			name = Release;
		};
		A90000000000000000000003 /* Debug */ = {
			isa = XCBuildConfiguration;
			baseConfigurationReference = A20000000000000000000014 /* Debug.xcconfig */;
			buildSettings = {
				ASSETCATALOG_COMPILER_APPICON_NAME = AppIcon;
				ASSETCATALOG_COMPILER_GENERATE_SWIFT_ASSET_SYMBOL_EXTENSIONS = YES;
				CODE_SIGN_STYLE = Automatic;
				CURRENT_PROJECT_VERSION = 2;
				DEVELOPMENT_TEAM = GZ9M83BFAK;
				ENABLE_PREVIEWS = YES;
				GENERATE_INFOPLIST_FILE = YES;
				INFOPLIST_KEY_CFBundleDisplayName = "لحظة";
				INFOPLIST_KEY_ITSAppUsesNonExemptEncryption = NO;
				INFOPLIST_KEY_LSApplicationCategoryType = "public.app-category.social-networking";
				INFOPLIST_KEY_NSCameraUsageDescription = "التقاط لحظة لمشاركتها في لحظة.";
				INFOPLIST_KEY_NSMicrophoneUsageDescription = "بث الصوت أثناء المباشر.";
				INFOPLIST_KEY_NSLocationWhenInUseUsageDescription = "وضع لقطتك على الخريطة في موقعك الحالي.";
				INFOPLIST_KEY_NSPhotoLibraryUsageDescription = "اختيار لحظة من مكتبتك لمشاركتها في لحظة.";
				INFOPLIST_KEY_UIApplicationSceneManifest_Generation = YES;
				INFOPLIST_KEY_UIApplicationSupportsIndirectInputEvents = YES;
				INFOPLIST_KEY_UILaunchScreen_Generation = YES;
				INFOPLIST_KEY_UISupportedInterfaceOrientations_iPad = "UIInterfaceOrientationPortrait UIInterfaceOrientationPortraitUpsideDown UIInterfaceOrientationLandscapeLeft UIInterfaceOrientationLandscapeRight";
				INFOPLIST_KEY_UISupportedInterfaceOrientations_iPhone = "UIInterfaceOrientationPortrait UIInterfaceOrientationLandscapeLeft UIInterfaceOrientationLandscapeRight";
				LD_RUNPATH_SEARCH_PATHS = (
					"$(inherited)",
					"@executable_path/Frameworks",
				);
				MARKETING_VERSION = 1.0;
				PRODUCT_BUNDLE_IDENTIFIER = com.alshryhy.lahza;
				PRODUCT_NAME = "$(TARGET_NAME)";
				SUPPORTED_PLATFORMS = "iphoneos iphonesimulator";
				SUPPORTS_MACCATALYST = NO;
				SWIFT_EMIT_LOC_STRINGS = YES;
				SWIFT_VERSION = 5.0;
				TARGETED_DEVICE_FAMILY = "1,2";
			};
			name = Debug;
		};
		A90000000000000000000004 /* Release */ = {
			isa = XCBuildConfiguration;
			baseConfigurationReference = A20000000000000000000028 /* Release.xcconfig */;
			buildSettings = {
				ASSETCATALOG_COMPILER_APPICON_NAME = AppIcon;
				ASSETCATALOG_COMPILER_GENERATE_SWIFT_ASSET_SYMBOL_EXTENSIONS = YES;
				CODE_SIGN_STYLE = Automatic;
				CURRENT_PROJECT_VERSION = 2;
				DEVELOPMENT_TEAM = GZ9M83BFAK;
				ENABLE_PREVIEWS = YES;
				GENERATE_INFOPLIST_FILE = YES;
				INFOPLIST_KEY_CFBundleDisplayName = "لحظة";
				INFOPLIST_KEY_ITSAppUsesNonExemptEncryption = NO;
				INFOPLIST_KEY_LSApplicationCategoryType = "public.app-category.social-networking";
				INFOPLIST_KEY_NSCameraUsageDescription = "التقاط لحظة لمشاركتها في لحظة.";
				INFOPLIST_KEY_NSMicrophoneUsageDescription = "بث الصوت أثناء المباشر.";
				INFOPLIST_KEY_NSLocationWhenInUseUsageDescription = "وضع لقطتك على الخريطة في موقعك الحالي.";
				INFOPLIST_KEY_NSPhotoLibraryUsageDescription = "اختيار لحظة من مكتبتك لمشاركتها في لحظة.";
				INFOPLIST_KEY_UIApplicationSceneManifest_Generation = YES;
				INFOPLIST_KEY_UIApplicationSupportsIndirectInputEvents = YES;
				INFOPLIST_KEY_UILaunchScreen_Generation = YES;
				INFOPLIST_KEY_UISupportedInterfaceOrientations_iPad = "UIInterfaceOrientationPortrait UIInterfaceOrientationPortraitUpsideDown UIInterfaceOrientationLandscapeLeft UIInterfaceOrientationLandscapeRight";
				INFOPLIST_KEY_UISupportedInterfaceOrientations_iPhone = "UIInterfaceOrientationPortrait UIInterfaceOrientationLandscapeLeft UIInterfaceOrientationLandscapeRight";
				LD_RUNPATH_SEARCH_PATHS = (
					"$(inherited)",
					"@executable_path/Frameworks",
				);
				MARKETING_VERSION = 1.0;
				PRODUCT_BUNDLE_IDENTIFIER = com.alshryhy.lahza;
				PRODUCT_NAME = "$(TARGET_NAME)";
				SUPPORTED_PLATFORMS = "iphoneos iphonesimulator";
				SUPPORTS_MACCATALYST = NO;
				SWIFT_EMIT_LOC_STRINGS = YES;
				SWIFT_VERSION = 5.0;
				TARGETED_DEVICE_FAMILY = "1,2";
			};
			name = Release;
		};
/* End XCBuildConfiguration section */

/* Begin XCConfigurationList section */
		A80000000000000000000001 /* Build configuration list for PBXProject "Zohor" */ = {
			isa = XCConfigurationList;
			buildConfigurations = (
				A90000000000000000000001 /* Debug */,
				A90000000000000000000002 /* Release */,
			);
			defaultConfigurationIsVisible = 0;
			defaultConfigurationName = Release;
		};
		A80000000000000000000002 /* Build configuration list for PBXNativeTarget "Zohor" */ = {
			isa = XCConfigurationList;
			buildConfigurations = (
				A90000000000000000000003 /* Debug */,
				A90000000000000000000004 /* Release */,
			);
			defaultConfigurationIsVisible = 0;
			defaultConfigurationName = Release;
		};
/* End XCConfigurationList section */

/* Begin XCRemoteSwiftPackageReference section */
		A11000000000000000000001 /* XCRemoteSwiftPackageReference "AgoraRtcEngine_iOS" */ = {
			isa = XCRemoteSwiftPackageReference;
			repositoryURL = "https://github.com/AgoraIO/AgoraRtcEngine_iOS";
			requirement = {
				kind = upToNextMajorVersion;
				minimumVersion = 4.5.2;
			};
		};
/* End XCRemoteSwiftPackageReference section */

/* Begin XCSwiftPackageProductDependency section */
		A11000000000000000000002 /* RtcBasic */ = {
			isa = XCSwiftPackageProductDependency;
			package = A11000000000000000000001 /* XCRemoteSwiftPackageReference "AgoraRtcEngine_iOS" */;
			productName = RtcBasic;
		};
/* End XCSwiftPackageProductDependency section */
	};
	rootObject = A70000000000000000000001 /* Project object */;
}
